
Microsoft Visual Studio Solution File, Format Version 12.00
# Visual Studio Version 17
VisualStudioVersion = 17.4.33403.182
MinimumVisualStudioVersion = 10.0.40219.1
Project("{FAE04EC0-301F-11D3-BF4B-00C04F79EFBC}") = "Mwalimu Hub WebApi", "Mwalimu Hub WebApi\Mwalimu Hub WebApi.csproj", "{FCD65838-4D62-412D-AD8C-17FA47C5A2D5}"
EndProject
Global
	GlobalSection(SolutionConfigurationPlatforms) = preSolution
		Debug|Any CPU = Debug|Any CPU
		Release|Any CPU = Release|Any CPU
	EndGlobalSection
	GlobalSection(ProjectConfigurationPlatforms) = postSolution
		{FCD65838-4D62-412D-AD8C-17FA47C5A2D5}.Debug|Any CPU.ActiveCfg = Debug|Any CPU
		{FCD65838-4D62-412D-AD8C-17FA47C5A2D5}.Debug|Any CPU.Build.0 = Debug|Any CPU
		{FCD65838-4D62-412D-AD8C-17FA47C5A2D5}.Release|Any CPU.ActiveCfg = Release|Any CPU
		{FCD65838-4D62-412D-AD8C-17FA47C5A2D5}.Release|Any CPU.Build.0 = Release|Any CPU
	EndGlobalSection
	GlobalSection(SolutionProperties) = preSolution
		HideSolutionNode = FALSE
	EndGlobalSection
	GlobalSection(ExtensibilityGlobals) = postSolution
		SolutionGuid = {39E46549-BDDF-4249-87B0-38A023C58C21}
	EndGlobalSection
EndGlobal
